
Microsoft Visual Studio Solution File, Format Version 12.00
# Visual Studio Version 16
VisualStudioVersion = 16.0.32929.386
MinimumVisualStudioVersion = 10.0.40219.1
Project("{FAE04EC0-301F-11D3-BF4B-00C04F79EFBC}") = "ProjectBirdsz", "ProjectBirdsz\ProjectBirdsz.csproj", "{2F967088-B7C6-4717-BDFC-447B8D44FD0E}"
EndProject
Project("{2150E333-8FDC-42A3-9474-1A3956D46DE8}") = "Solution Items", "Solution Items", "{31E3A0AA-A4BA-474D-8F53-65B6394E630E}"
	ProjectSection(SolutionItems) = preProject
		..\Bird Sounds Spectacular _ Morning Bird Song.mp3 = ..\Bird Sounds Spectacular _ Morning Bird Song.mp3
		ProjectBirdsz\bin\Debug\birds.xlsx = ProjectBirdsz\bin\Debug\birds.xlsx
		ProjectBirdsz\bin\Debug\cages.xlsx = ProjectBirdsz\bin\Debug\cages.xlsx
		ProjectBirdsz\bin\Debug\users.xlsx = ProjectBirdsz\bin\Debug\users.xlsx
	EndProjectSection
EndProject
Global
	GlobalSection(SolutionConfigurationPlatforms) = preSolution
		Debug|Any CPU = Debug|Any CPU
		Release|Any CPU = Release|Any CPU
	EndGlobalSection
	GlobalSection(ProjectConfigurationPlatforms) = postSolution
		{2F967088-B7C6-4717-BDFC-447B8D44FD0E}.Debug|Any CPU.ActiveCfg = Debug|Any CPU
		{2F967088-B7C6-4717-BDFC-447B8D44FD0E}.Debug|Any CPU.Build.0 = Debug|Any CPU
		{2F967088-B7C6-4717-BDFC-447B8D44FD0E}.Release|Any CPU.ActiveCfg = Release|Any CPU
		{2F967088-B7C6-4717-BDFC-447B8D44FD0E}.Release|Any CPU.Build.0 = Release|Any CPU
	EndGlobalSection
	GlobalSection(SolutionProperties) = preSolution
		HideSolutionNode = FALSE
	EndGlobalSection
	GlobalSection(ExtensibilityGlobals) = postSolution
		SolutionGuid = {B0F52365-3326-4C78-9B9C-E06762EA716D}
	EndGlobalSection
EndGlobal
